// !$*UTF8*$!
{
	archiveVersion = 1;
	classes = {
	};
	objectVersion = 46;
	objects = {

/* Begin PBXBuildFile section */
		F45FD91F19407DF100F0CF49 /* Video.png in Resources */ = {isa = PBXBuildFile; fileRef = F45FD91E19407DF100F0CF49 /* Video.png */; };
		F45FD92119407E0700F0CF49 /* Links.png in Resources */ = {isa = PBXBuildFile; fileRef = F45FD92019407E0700F0CF49 /* Links.png */; };
		F45FD9241940914500F0CF49 /* SupportDetailsTableViewCell.m in Sources */ = {isa = PBXBuildFile; fileRef = F45FD9231940914500F0CF49 /* SupportDetailsTableViewCell.m */; };
		F45FD9271940918A00F0CF49 /* SupportDetailsTableViewController.m in Sources */ = {isa = PBXBuildFile; fileRef = F45FD9261940918A00F0CF49 /* SupportDetailsTableViewController.m */; };
		F45FD92A1940A68300F0CF49 /* SupportItem.m in Sources */ = {isa = PBXBuildFile; fileRef = F45FD9291940A68300F0CF49 /* SupportItem.m */; };
		F45FD92D194155BF00F0CF49 /* SupportLinkViewController.m in Sources */ = {isa = PBXBuildFile; fileRef = F45FD92C194155BF00F0CF49 /* SupportLinkViewController.m */; };
		F45FD93519419AF200F0CF49 /* NewsViewController.m in Sources */ = {isa = PBXBuildFile; fileRef = F45FD93219419AF200F0CF49 /* NewsViewController.m */; };
		F45FD93619419AF200F0CF49 /* SuppliesMatrixViewController.m in Sources */ = {isa = PBXBuildFile; fileRef = F45FD93419419AF200F0CF49 /* SuppliesMatrixViewController.m */; };
		F45FD9381941B91500F0CF49 /* C792pic.png in Resources */ = {isa = PBXBuildFile; fileRef = F45FD9371941B91500F0CF49 /* C792pic.png */; };
		F45FD93B1941C09C00F0CF49 /* ProductMatrixViewController.m in Sources */ = {isa = PBXBuildFile; fileRef = F45FD93A1941C09C00F0CF49 /* ProductMatrixViewController.m */; };
		F47666A7192DD74E0029FA4E /* ProductDetails.m in Sources */ = {isa = PBXBuildFile; fileRef = F47666A6192DD74E0029FA4E /* ProductDetails.m */; };
		F47666AC192DDBCA0029FA4E /* X792dePIC.png in Resources */ = {isa = PBXBuildFile; fileRef = F47666AB192DDBCA0029FA4E /* X792dePIC.png */; };
		F47666AF192DE7EF0029FA4E /* ProductDetailsViewController.m in Sources */ = {isa = PBXBuildFile; fileRef = F47666AE192DE7EF0029FA4E /* ProductDetailsViewController.m */; };
		F47666B2192DF13A0029FA4E /* Utils.m in Sources */ = {isa = PBXBuildFile; fileRef = F47666B1192DF13A0029FA4E /* Utils.m */; };
		F480489B193FF93F0029EACE /* CompetitorsTableViewController.m in Sources */ = {isa = PBXBuildFile; fileRef = F480489A193FF93F0029EACE /* CompetitorsTableViewController.m */; };
		F480489E193FF9820029EACE /* CompetitorTableViewCell.m in Sources */ = {isa = PBXBuildFile; fileRef = F480489D193FF9820029EACE /* CompetitorTableViewCell.m */; };
		F48048A019400BAB0029EACE /* HP.png in Resources */ = {isa = PBXBuildFile; fileRef = F480489F19400BAB0029EACE /* HP.png */; };
		F48048A41940182D0029EACE /* Sharp.png in Resources */ = {isa = PBXBuildFile; fileRef = F48048A31940182D0029EACE /* Sharp.png */; };
		F48048A619401A160029EACE /* ricoh.png in Resources */ = {isa = PBXBuildFile; fileRef = F48048A519401A160029EACE /* ricoh.png */; };
		F48048A819401A3B0029EACE /* Xerox.png in Resources */ = {isa = PBXBuildFile; fileRef = F48048A719401A3B0029EACE /* Xerox.png */; };
		F48048AA19401A550029EACE /* KM.png in Resources */ = {isa = PBXBuildFile; fileRef = F48048A919401A550029EACE /* KM.png */; };
		F48048AC19401A690029EACE /* Kyocera.png in Resources */ = {isa = PBXBuildFile; fileRef = F48048AB19401A690029EACE /* Kyocera.png */; };
		F48048AE19401A7A0029EACE /* Canon.png in Resources */ = {isa = PBXBuildFile; fileRef = F48048AD19401A7A0029EACE /* Canon.png */; };
		F48048B019401A8C0029EACE /* Bro.png in Resources */ = {isa = PBXBuildFile; fileRef = F48048AF19401A8C0029EACE /* Bro.png */; };
		F48048B219401AA90029EACE /* samsung.png in Resources */ = {isa = PBXBuildFile; fileRef = F48048B119401AA90029EACE /* samsung.png */; };
		F48048B419401ABA0029EACE /* OKI.png in Resources */ = {isa = PBXBuildFile; fileRef = F48048B319401ABA0029EACE /* OKI.png */; };
		F48048BC194051EE0029EACE /* CompetitorDetailsViewController.m in Sources */ = {isa = PBXBuildFile; fileRef = F48048BB194051EE0029EACE /* CompetitorDetailsViewController.m */; };
		F48048BE194061B80029EACE /* hpcm4540.png in Resources */ = {isa = PBXBuildFile; fileRef = F48048BD194061B80029EACE /* hpcm4540.png */; };
		F48048C11940753B0029EACE /* SupportTableViewController.m in Sources */ = {isa = PBXBuildFile; fileRef = F48048C01940753B0029EACE /* SupportTableViewController.m */; };
		F48048C4194075610029EACE /* SupportTableViewCell.m in Sources */ = {isa = PBXBuildFile; fileRef = F48048C3194075610029EACE /* SupportTableViewCell.m */; };
		F4992B7019343C0200EA4B44 /* Constants.m in Sources */ = {isa = PBXBuildFile; fileRef = F4992B6F19343C0200EA4B44 /* Constants.m */; };
		F4992B7319343D4E00EA4B44 /* DataFactory.m in Sources */ = {isa = PBXBuildFile; fileRef = F4992B7219343D4E00EA4B44 /* DataFactory.m */; };
		F4992B7619345AA400EA4B44 /* RowContainer.m in Sources */ = {isa = PBXBuildFile; fileRef = F4992B7519345AA400EA4B44 /* RowContainer.m */; };
		F4992B7C1934852B00EA4B44 /* CustomRow.m in Sources */ = {isa = PBXBuildFile; fileRef = F4992B7B1934852B00EA4B44 /* CustomRow.m */; };
		F4992B8519377CA600EA4B44 /* MachineOptionsViewController.m in Sources */ = {isa = PBXBuildFile; fileRef = F4992B8419377CA600EA4B44 /* MachineOptionsViewController.m */; };
		F4A0F195192C4A3200743CF3 /* Foundation.framework in Frameworks */ = {isa = PBXBuildFile; fileRef = F4A0F194192C4A3200743CF3 /* Foundation.framework */; };
		F4A0F197192C4A3200743CF3 /* CoreGraphics.framework in Frameworks */ = {isa = PBXBuildFile; fileRef = F4A0F196192C4A3200743CF3 /* CoreGraphics.framework */; };
		F4A0F199192C4A3200743CF3 /* UIKit.framework in Frameworks */ = {isa = PBXBuildFile; fileRef = F4A0F198192C4A3200743CF3 /* UIKit.framework */; };
		F4A0F19F192C4A3200743CF3 /* InfoPlist.strings in Resources */ = {isa = PBXBuildFile; fileRef = F4A0F19D192C4A3200743CF3 /* InfoPlist.strings */; };
		F4A0F1A1192C4A3200743CF3 /* main.m in Sources */ = {isa = PBXBuildFile; fileRef = F4A0F1A0192C4A3200743CF3 /* main.m */; };
		F4A0F1A5192C4A3200743CF3 /* AppDelegate.m in Sources */ = {isa = PBXBuildFile; fileRef = F4A0F1A4192C4A3200743CF3 /* AppDelegate.m */; };
		F4A0F1A8192C4A3200743CF3 /* Main_iPhone.storyboard in Resources */ = {isa = PBXBuildFile; fileRef = F4A0F1A6192C4A3200743CF3 /* Main_iPhone.storyboard */; };
		F4A0F1AB192C4A3200743CF3 /* Main_iPad.storyboard in Resources */ = {isa = PBXBuildFile; fileRef = F4A0F1A9192C4A3200743CF3 /* Main_iPad.storyboard */; };
		F4A0F1AE192C4A3200743CF3 /* ViewController.m in Sources */ = {isa = PBXBuildFile; fileRef = F4A0F1AD192C4A3200743CF3 /* ViewController.m */; };
		F4A0F1B0192C4A3200743CF3 /* Images.xcassets in Resources */ = {isa = PBXBuildFile; fileRef = F4A0F1AF192C4A3200743CF3 /* Images.xcassets */; };
		F4A0F1B7192C4A3200743CF3 /* XCTest.framework in Frameworks */ = {isa = PBXBuildFile; fileRef = F4A0F1B6192C4A3200743CF3 /* XCTest.framework */; };
		F4A0F1B8192C4A3200743CF3 /* Foundation.framework in Frameworks */ = {isa = PBXBuildFile; fileRef = F4A0F194192C4A3200743CF3 /* Foundation.framework */; };
		F4A0F1B9192C4A3200743CF3 /* UIKit.framework in Frameworks */ = {isa = PBXBuildFile; fileRef = F4A0F198192C4A3200743CF3 /* UIKit.framework */; };
		F4A0F1C1192C4A3200743CF3 /* InfoPlist.strings in Resources */ = {isa = PBXBuildFile; fileRef = F4A0F1BF192C4A3200743CF3 /* InfoPlist.strings */; };
		F4A0F1C3192C4A3200743CF3 /* LexColor_nativeTests.m in Sources */ = {isa = PBXBuildFile; fileRef = F4A0F1C2192C4A3200743CF3 /* LexColor_nativeTests.m */; };
		F4A0F1CF192C7DBA00743CF3 /* Tab2.png in Resources */ = {isa = PBXBuildFile; fileRef = F4A0F1CD192C7DBA00743CF3 /* Tab2.png */; };
		F4A0F1D0192C7DBA00743CF3 /* Tab3.png in Resources */ = {isa = PBXBuildFile; fileRef = F4A0F1CE192C7DBA00743CF3 /* Tab3.png */; };
		F4A0F1D3192C802700743CF3 /* ProductsViewController.m in Sources */ = {isa = PBXBuildFile; fileRef = F4A0F1D2192C802700743CF3 /* ProductsViewController.m */; };
		F4A0F1D9192C814A00743CF3 /* Product.m in Sources */ = {isa = PBXBuildFile; fileRef = F4A0F1D8192C814A00743CF3 /* Product.m */; };
		F4A0F1DC192CA00600743CF3 /* ProductCell.m in Sources */ = {isa = PBXBuildFile; fileRef = F4A0F1DB192CA00600743CF3 /* ProductCell.m */; };
		F4D6BC54193323E5006F73B3 /* Data.m in Sources */ = {isa = PBXBuildFile; fileRef = F4D6BC53193323E5006F73B3 /* Data.m */; };
		F4D91D7B192F06FE00DDE597 /* ProductSpecsViewController.m in Sources */ = {isa = PBXBuildFile; fileRef = F4D91D7A192F06FE00DDE597 /* ProductSpecsViewController.m */; };
		F4D91D7D192F3D0100DDE597 /* headerbackground.png in Resources */ = {isa = PBXBuildFile; fileRef = F4D91D7C192F3D0100DDE597 /* headerbackground.png */; };
		F4E5648B19382B4F00C37D8B /* TaaInformationViewController.m in Sources */ = {isa = PBXBuildFile; fileRef = F4E5648A19382B4F00C37D8B /* TaaInformationViewController.m */; };
		F4E56498193C728000C37D8B /* MessageUI.framework in Frameworks */ = {isa = PBXBuildFile; fileRef = F4E56497193C728000C37D8B /* MessageUI.framework */; };
		F4E5649B193C736E00C37D8B /* EmailViewController.m in Sources */ = {isa = PBXBuildFile; fileRef = F4E5649A193C736E00C37D8B /* EmailViewController.m */; };
/* End PBXBuildFile section */

/* Begin PBXContainerItemProxy section */
		F4A0F1BA192C4A3200743CF3 /* PBXContainerItemProxy */ = {
			isa = PBXContainerItemProxy;
			containerPortal = F4A0F189192C4A3200743CF3 /* Project object */;
			proxyType = 1;
			remoteGlobalIDString = F4A0F190192C4A3200743CF3;
			remoteInfo = "LexColor-native";
		};
/* End PBXContainerItemProxy section */

/* Begin PBXFileReference section */
		F45FD91E19407DF100F0CF49 /* Video.png */ = {isa = PBXFileReference; lastKnownFileType = image.png; path = Video.png; sourceTree = "<group>"; };
		F45FD92019407E0700F0CF49 /* Links.png */ = {isa = PBXFileReference; lastKnownFileType = image.png; path = Links.png; sourceTree = "<group>"; };
		F45FD9221940914500F0CF49 /* SupportDetailsTableViewCell.h */ = {isa = PBXFileReference; fileEncoding = 4; lastKnownFileType = sourcecode.c.h; path = SupportDetailsTableViewCell.h; sourceTree = "<group>"; };
		F45FD9231940914500F0CF49 /* SupportDetailsTableViewCell.m */ = {isa = PBXFileReference; fileEncoding = 4; lastKnownFileType = sourcecode.c.objc; path = SupportDetailsTableViewCell.m; sourceTree = "<group>"; };
		F45FD9251940918A00F0CF49 /* SupportDetailsTableViewController.h */ = {isa = PBXFileReference; fileEncoding = 4; lastKnownFileType = sourcecode.c.h; path = SupportDetailsTableViewController.h; sourceTree = "<group>"; };
		F45FD9261940918A00F0CF49 /* SupportDetailsTableViewController.m */ = {isa = PBXFileReference; fileEncoding = 4; lastKnownFileType = sourcecode.c.objc; path = SupportDetailsTableViewController.m; sourceTree = "<group>"; };
		F45FD9281940A68300F0CF49 /* SupportItem.h */ = {isa = PBXFileReference; fileEncoding = 4; lastKnownFileType = sourcecode.c.h; path = SupportItem.h; sourceTree = "<group>"; };
		F45FD9291940A68300F0CF49 /* SupportItem.m */ = {isa = PBXFileReference; fileEncoding = 4; lastKnownFileType = sourcecode.c.objc; path = SupportItem.m; sourceTree = "<group>"; };
		F45FD92B194155BF00F0CF49 /* SupportLinkViewController.h */ = {isa = PBXFileReference; fileEncoding = 4; lastKnownFileType = sourcecode.c.h; path = SupportLinkViewController.h; sourceTree = "<group>"; };
		F45FD92C194155BF00F0CF49 /* SupportLinkViewController.m */ = {isa = PBXFileReference; fileEncoding = 4; lastKnownFileType = sourcecode.c.objc; path = SupportLinkViewController.m; sourceTree = "<group>"; };
		F45FD93119419AF200F0CF49 /* NewsViewController.h */ = {isa = PBXFileReference; fileEncoding = 4; lastKnownFileType = sourcecode.c.h; path = NewsViewController.h; sourceTree = "<group>"; };
		F45FD93219419AF200F0CF49 /* NewsViewController.m */ = {isa = PBXFileReference; fileEncoding = 4; lastKnownFileType = sourcecode.c.objc; path = NewsViewController.m; sourceTree = "<group>"; };
		F45FD93319419AF200F0CF49 /* SuppliesMatrixViewController.h */ = {isa = PBXFileReference; fileEncoding = 4; lastKnownFileType = sourcecode.c.h; path = SuppliesMatrixViewController.h; sourceTree = "<group>"; };
		F45FD93419419AF200F0CF49 /* SuppliesMatrixViewController.m */ = {isa = PBXFileReference; fileEncoding = 4; lastKnownFileType = sourcecode.c.objc; path = SuppliesMatrixViewController.m; sourceTree = "<group>"; };
		F45FD9371941B91500F0CF49 /* C792pic.png */ = {isa = PBXFileReference; lastKnownFileType = image.png; path = C792pic.png; sourceTree = "<group>"; };
		F45FD9391941C09C00F0CF49 /* ProductMatrixViewController.h */ = {isa = PBXFileReference; fileEncoding = 4; lastKnownFileType = sourcecode.c.h; path = ProductMatrixViewController.h; sourceTree = "<group>"; };
		F45FD93A1941C09C00F0CF49 /* ProductMatrixViewController.m */ = {isa = PBXFileReference; fileEncoding = 4; lastKnownFileType = sourcecode.c.objc; path = ProductMatrixViewController.m; sourceTree = "<group>"; };
		F47666A5192DD74E0029FA4E /* ProductDetails.h */ = {isa = PBXFileReference; fileEncoding = 4; lastKnownFileType = sourcecode.c.h; path = ProductDetails.h; sourceTree = "<group>"; };
		F47666A6192DD74E0029FA4E /* ProductDetails.m */ = {isa = PBXFileReference; fileEncoding = 4; lastKnownFileType = sourcecode.c.objc; path = ProductDetails.m; sourceTree = "<group>"; };
		F47666AB192DDBCA0029FA4E /* X792dePIC.png */ = {isa = PBXFileReference; lastKnownFileType = image.png; path = X792dePIC.png; sourceTree = "<group>"; };
		F47666AD192DE7EF0029FA4E /* ProductDetailsViewController.h */ = {isa = PBXFileReference; fileEncoding = 4; lastKnownFileType = sourcecode.c.h; path = ProductDetailsViewController.h; sourceTree = "<group>"; };
		F47666AE192DE7EF0029FA4E /* ProductDetailsViewController.m */ = {isa = PBXFileReference; fileEncoding = 4; lastKnownFileType = sourcecode.c.objc; path = ProductDetailsViewController.m; sourceTree = "<group>"; };
		F47666B0192DF13A0029FA4E /* Utils.h */ = {isa = PBXFileReference; fileEncoding = 4; lastKnownFileType = sourcecode.c.h; path = Utils.h; sourceTree = "<group>"; };
		F47666B1192DF13A0029FA4E /* Utils.m */ = {isa = PBXFileReference; fileEncoding = 4; lastKnownFileType = sourcecode.c.objc; path = Utils.m; sourceTree = "<group>"; };
		F4804899193FF93F0029EACE /* CompetitorsTableViewController.h */ = {isa = PBXFileReference; fileEncoding = 4; lastKnownFileType = sourcecode.c.h; path = CompetitorsTableViewController.h; sourceTree = "<group>"; };
		F480489A193FF93F0029EACE /* CompetitorsTableViewController.m */ = {isa = PBXFileReference; fileEncoding = 4; lastKnownFileType = sourcecode.c.objc; path = CompetitorsTableViewController.m; sourceTree = "<group>"; };
		F480489C193FF9820029EACE /* CompetitorTableViewCell.h */ = {isa = PBXFileReference; fileEncoding = 4; lastKnownFileType = sourcecode.c.h; path = CompetitorTableViewCell.h; sourceTree = "<group>"; };
		F480489D193FF9820029EACE /* CompetitorTableViewCell.m */ = {isa = PBXFileReference; fileEncoding = 4; lastKnownFileType = sourcecode.c.objc; path = CompetitorTableViewCell.m; sourceTree = "<group>"; };
		F480489F19400BAB0029EACE /* HP.png */ = {isa = PBXFileReference; lastKnownFileType = image.png; name = HP.png; path = "../../Lexcolor-wip/LexColor/HP.png"; sourceTree = "<group>"; };
		F48048A31940182D0029EACE /* Sharp.png */ = {isa = PBXFileReference; lastKnownFileType = image.png; path = Sharp.png; sourceTree = "<group>"; };
		F48048A519401A160029EACE /* ricoh.png */ = {isa = PBXFileReference; lastKnownFileType = image.png; path = ricoh.png; sourceTree = "<group>"; };
		F48048A719401A3B0029EACE /* Xerox.png */ = {isa = PBXFileReference; lastKnownFileType = image.png; path = Xerox.png; sourceTree = "<group>"; };
		F48048A919401A550029EACE /* KM.png */ = {isa = PBXFileReference; lastKnownFileType = image.png; path = KM.png; sourceTree = "<group>"; };
		F48048AB19401A690029EACE /* Kyocera.png */ = {isa = PBXFileReference; lastKnownFileType = image.png; path = Kyocera.png; sourceTree = "<group>"; };
		F48048AD19401A7A0029EACE /* Canon.png */ = {isa = PBXFileReference; lastKnownFileType = image.png; path = Canon.png; sourceTree = "<group>"; };
		F48048AF19401A8C0029EACE /* Bro.png */ = {isa = PBXFileReference; lastKnownFileType = image.png; path = Bro.png; sourceTree = "<group>"; };
		F48048B119401AA90029EACE /* samsung.png */ = {isa = PBXFileReference; lastKnownFileType = image.png; path = samsung.png; sourceTree = "<group>"; };
		F48048B319401ABA0029EACE /* OKI.png */ = {isa = PBXFileReference; lastKnownFileType = image.png; path = OKI.png; sourceTree = "<group>"; };
		F48048BA194051EE0029EACE /* CompetitorDetailsViewController.h */ = {isa = PBXFileReference; fileEncoding = 4; lastKnownFileType = sourcecode.c.h; path = CompetitorDetailsViewController.h; sourceTree = "<group>"; };
		F48048BB194051EE0029EACE /* CompetitorDetailsViewController.m */ = {isa = PBXFileReference; fileEncoding = 4; lastKnownFileType = sourcecode.c.objc; path = CompetitorDetailsViewController.m; sourceTree = "<group>"; };
		F48048BD194061B80029EACE /* hpcm4540.png */ = {isa = PBXFileReference; lastKnownFileType = image.png; path = hpcm4540.png; sourceTree = "<group>"; };
		F48048BF1940753B0029EACE /* SupportTableViewController.h */ = {isa = PBXFileReference; fileEncoding = 4; lastKnownFileType = sourcecode.c.h; path = SupportTableViewController.h; sourceTree = "<group>"; };
		F48048C01940753B0029EACE /* SupportTableViewController.m */ = {isa = PBXFileReference; fileEncoding = 4; lastKnownFileType = sourcecode.c.objc; path = SupportTableViewController.m; sourceTree = "<group>"; };
		F48048C2194075610029EACE /* SupportTableViewCell.h */ = {isa = PBXFileReference; fileEncoding = 4; lastKnownFileType = sourcecode.c.h; path = SupportTableViewCell.h; sourceTree = "<group>"; };
		F48048C3194075610029EACE /* SupportTableViewCell.m */ = {isa = PBXFileReference; fileEncoding = 4; lastKnownFileType = sourcecode.c.objc; path = SupportTableViewCell.m; sourceTree = "<group>"; };
		F4992B6E19343C0200EA4B44 /* Constants.h */ = {isa = PBXFileReference; fileEncoding = 4; lastKnownFileType = sourcecode.c.h; path = Constants.h; sourceTree = "<group>"; };
		F4992B6F19343C0200EA4B44 /* Constants.m */ = {isa = PBXFileReference; fileEncoding = 4; lastKnownFileType = sourcecode.c.objc; path = Constants.m; sourceTree = "<group>"; };
		F4992B7119343D4E00EA4B44 /* DataFactory.h */ = {isa = PBXFileReference; fileEncoding = 4; lastKnownFileType = sourcecode.c.h; path = DataFactory.h; sourceTree = "<group>"; };
		F4992B7219343D4E00EA4B44 /* DataFactory.m */ = {isa = PBXFileReference; fileEncoding = 4; lastKnownFileType = sourcecode.c.objc; path = DataFactory.m; sourceTree = "<group>"; };
		F4992B7419345AA300EA4B44 /* RowContainer.h */ = {isa = PBXFileReference; fileEncoding = 4; lastKnownFileType = sourcecode.c.h; path = RowContainer.h; sourceTree = "<group>"; };
		F4992B7519345AA400EA4B44 /* RowContainer.m */ = {isa = PBXFileReference; fileEncoding = 4; lastKnownFileType = sourcecode.c.objc; path = RowContainer.m; sourceTree = "<group>"; };
		F4992B7A1934852B00EA4B44 /* CustomRow.h */ = {isa = PBXFileReference; fileEncoding = 4; lastKnownFileType = sourcecode.c.h; path = CustomRow.h; sourceTree = "<group>"; };
		F4992B7B1934852B00EA4B44 /* CustomRow.m */ = {isa = PBXFileReference; fileEncoding = 4; lastKnownFileType = sourcecode.c.objc; path = CustomRow.m; sourceTree = "<group>"; };
		F4992B8319377CA600EA4B44 /* MachineOptionsViewController.h */ = {isa = PBXFileReference; fileEncoding = 4; lastKnownFileType = sourcecode.c.h; path = MachineOptionsViewController.h; sourceTree = "<group>"; };
		F4992B8419377CA600EA4B44 /* MachineOptionsViewController.m */ = {isa = PBXFileReference; fileEncoding = 4; lastKnownFileType = sourcecode.c.objc; path = MachineOptionsViewController.m; sourceTree = "<group>"; };
		F4A0F191192C4A3200743CF3 /* LexColor-native.app */ = {isa = PBXFileReference; explicitFileType = wrapper.application; includeInIndex = 0; path = "LexColor-native.app"; sourceTree = BUILT_PRODUCTS_DIR; };
		F4A0F194192C4A3200743CF3 /* Foundation.framework */ = {isa = PBXFileReference; lastKnownFileType = wrapper.framework; name = Foundation.framework; path = System/Library/Frameworks/Foundation.framework; sourceTree = SDKROOT; };
		F4A0F196192C4A3200743CF3 /* CoreGraphics.framework */ = {isa = PBXFileReference; lastKnownFileType = wrapper.framework; name = CoreGraphics.framework; path = System/Library/Frameworks/CoreGraphics.framework; sourceTree = SDKROOT; };
		F4A0F198192C4A3200743CF3 /* UIKit.framework */ = {isa = PBXFileReference; lastKnownFileType = wrapper.framework; name = UIKit.framework; path = System/Library/Frameworks/UIKit.framework; sourceTree = SDKROOT; };
		F4A0F19C192C4A3200743CF3 /* LexColor-native-Info.plist */ = {isa = PBXFileReference; lastKnownFileType = text.plist.xml; path = "LexColor-native-Info.plist"; sourceTree = "<group>"; };
		F4A0F19E192C4A3200743CF3 /* en */ = {isa = PBXFileReference; lastKnownFileType = text.plist.strings; name = en; path = en.lproj/InfoPlist.strings; sourceTree = "<group>"; };
		F4A0F1A0192C4A3200743CF3 /* main.m */ = {isa = PBXFileReference; lastKnownFileType = sourcecode.c.objc; path = main.m; sourceTree = "<group>"; };
		F4A0F1A2192C4A3200743CF3 /* LexColor-native-Prefix.pch */ = {isa = PBXFileReference; lastKnownFileType = sourcecode.c.h; path = "LexColor-native-Prefix.pch"; sourceTree = "<group>"; };
		F4A0F1A3192C4A3200743CF3 /* AppDelegate.h */ = {isa = PBXFileReference; lastKnownFileType = sourcecode.c.h; path = AppDelegate.h; sourceTree = "<group>"; };
		F4A0F1A4192C4A3200743CF3 /* AppDelegate.m */ = {isa = PBXFileReference; lastKnownFileType = sourcecode.c.objc; path = AppDelegate.m; sourceTree = "<group>"; };
		F4A0F1A7192C4A3200743CF3 /* Base */ = {isa = PBXFileReference; lastKnownFileType = file.storyboard; name = Base; path = Base.lproj/Main_iPhone.storyboard; sourceTree = "<group>"; };
		F4A0F1AA192C4A3200743CF3 /* Base */ = {isa = PBXFileReference; lastKnownFileType = file.storyboard; name = Base; path = Base.lproj/Main_iPad.storyboard; sourceTree = "<group>"; };
		F4A0F1AC192C4A3200743CF3 /* ViewController.h */ = {isa = PBXFileReference; lastKnownFileType = sourcecode.c.h; path = ViewController.h; sourceTree = "<group>"; };
		F4A0F1AD192C4A3200743CF3 /* ViewController.m */ = {isa = PBXFileReference; lastKnownFileType = sourcecode.c.objc; path = ViewController.m; sourceTree = "<group>"; };
		F4A0F1AF192C4A3200743CF3 /* Images.xcassets */ = {isa = PBXFileReference; lastKnownFileType = folder.assetcatalog; path = Images.xcassets; sourceTree = "<group>"; };
		F4A0F1B5192C4A3200743CF3 /* LexColor-nativeTests.xctest */ = {isa = PBXFileReference; explicitFileType = wrapper.cfbundle; includeInIndex = 0; path = "LexColor-nativeTests.xctest"; sourceTree = BUILT_PRODUCTS_DIR; };
		F4A0F1B6192C4A3200743CF3 /* XCTest.framework */ = {isa = PBXFileReference; lastKnownFileType = wrapper.framework; name = XCTest.framework; path = Library/Frameworks/XCTest.framework; sourceTree = DEVELOPER_DIR; };
		F4A0F1BE192C4A3200743CF3 /* LexColor-nativeTests-Info.plist */ = {isa = PBXFileReference; lastKnownFileType = text.plist.xml; path = "LexColor-nativeTests-Info.plist"; sourceTree = "<group>"; };
		F4A0F1C0192C4A3200743CF3 /* en */ = {isa = PBXFileReference; lastKnownFileType = text.plist.strings; name = en; path = en.lproj/InfoPlist.strings; sourceTree = "<group>"; };
		F4A0F1C2192C4A3200743CF3 /* LexColor_nativeTests.m */ = {isa = PBXFileReference; lastKnownFileType = sourcecode.c.objc; path = LexColor_nativeTests.m; sourceTree = "<group>"; };
		F4A0F1CD192C7DBA00743CF3 /* Tab2.png */ = {isa = PBXFileReference; lastKnownFileType = image.png; path = Tab2.png; sourceTree = "<group>"; };
		F4A0F1CE192C7DBA00743CF3 /* Tab3.png */ = {isa = PBXFileReference; lastKnownFileType = image.png; path = Tab3.png; sourceTree = "<group>"; };
		F4A0F1D1192C802700743CF3 /* ProductsViewController.h */ = {isa = PBXFileReference; fileEncoding = 4; lastKnownFileType = sourcecode.c.h; path = ProductsViewController.h; sourceTree = "<group>"; };
		F4A0F1D2192C802700743CF3 /* ProductsViewController.m */ = {isa = PBXFileReference; fileEncoding = 4; lastKnownFileType = sourcecode.c.objc; path = ProductsViewController.m; sourceTree = "<group>"; };
		F4A0F1D7192C814A00743CF3 /* Product.h */ = {isa = PBXFileReference; fileEncoding = 4; lastKnownFileType = sourcecode.c.h; path = Product.h; sourceTree = "<group>"; };
		F4A0F1D8192C814A00743CF3 /* Product.m */ = {isa = PBXFileReference; fileEncoding = 4; lastKnownFileType = sourcecode.c.objc; path = Product.m; sourceTree = "<group>"; };
		F4A0F1DA192CA00600743CF3 /* ProductCell.h */ = {isa = PBXFileReference; fileEncoding = 4; lastKnownFileType = sourcecode.c.h; path = ProductCell.h; sourceTree = "<group>"; };
		F4A0F1DB192CA00600743CF3 /* ProductCell.m */ = {isa = PBXFileReference; fileEncoding = 4; lastKnownFileType = sourcecode.c.objc; path = ProductCell.m; sourceTree = "<group>"; };
		F4D6BC52193323E5006F73B3 /* Data.h */ = {isa = PBXFileReference; fileEncoding = 4; lastKnownFileType = sourcecode.c.h; path = Data.h; sourceTree = "<group>"; };
		F4D6BC53193323E5006F73B3 /* Data.m */ = {isa = PBXFileReference; fileEncoding = 4; lastKnownFileType = sourcecode.c.objc; path = Data.m; sourceTree = "<group>"; };
		F4D91D79192F06FE00DDE597 /* ProductSpecsViewController.h */ = {isa = PBXFileReference; fileEncoding = 4; lastKnownFileType = sourcecode.c.h; path = ProductSpecsViewController.h; sourceTree = "<group>"; };
		F4D91D7A192F06FE00DDE597 /* ProductSpecsViewController.m */ = {isa = PBXFileReference; fileEncoding = 4; lastKnownFileType = sourcecode.c.objc; path = ProductSpecsViewController.m; sourceTree = "<group>"; };
		F4D91D7C192F3D0100DDE597 /* headerbackground.png */ = {isa = PBXFileReference; lastKnownFileType = image.png; path = headerbackground.png; sourceTree = "<group>"; };
		F4E5648919382B4F00C37D8B /* TaaInformationViewController.h */ = {isa = PBXFileReference; fileEncoding = 4; lastKnownFileType = sourcecode.c.h; path = TaaInformationViewController.h; sourceTree = "<group>"; };
		F4E5648A19382B4F00C37D8B /* TaaInformationViewController.m */ = {isa = PBXFileReference; fileEncoding = 4; lastKnownFileType = sourcecode.c.objc; path = TaaInformationViewController.m; sourceTree = "<group>"; };
		F4E56497193C728000C37D8B /* MessageUI.framework */ = {isa = PBXFileReference; lastKnownFileType = wrapper.framework; name = MessageUI.framework; path = System/Library/Frameworks/MessageUI.framework; sourceTree = SDKROOT; };
		F4E56499193C736E00C37D8B /* EmailViewController.h */ = {isa = PBXFileReference; fileEncoding = 4; lastKnownFileType = sourcecode.c.h; path = EmailViewController.h; sourceTree = "<group>"; };
		F4E5649A193C736E00C37D8B /* EmailViewController.m */ = {isa = PBXFileReference; fileEncoding = 4; lastKnownFileType = sourcecode.c.objc; path = EmailViewController.m; sourceTree = "<group>"; };
/* End PBXFileReference section */

/* Begin PBXFrameworksBuildPhase section */
		F4A0F18E192C4A3200743CF3 /* Frameworks */ = {
			isa = PBXFrameworksBuildPhase;
			buildActionMask = 2147483647;
			files = (
				F4E56498193C728000C37D8B /* MessageUI.framework in Frameworks */,
				F4A0F197192C4A3200743CF3 /* CoreGraphics.framework in Frameworks */,
				F4A0F199192C4A3200743CF3 /* UIKit.framework in Frameworks */,
				F4A0F195192C4A3200743CF3 /* Foundation.framework in Frameworks */,
			);
			runOnlyForDeploymentPostprocessing = 0;
		};
		F4A0F1B2192C4A3200743CF3 /* Frameworks */ = {
			isa = PBXFrameworksBuildPhase;
			buildActionMask = 2147483647;
			files = (
				F4A0F1B7192C4A3200743CF3 /* XCTest.framework in Frameworks */,
				F4A0F1B9192C4A3200743CF3 /* UIKit.framework in Frameworks */,
				F4A0F1B8192C4A3200743CF3 /* Foundation.framework in Frameworks */,
			);
			runOnlyForDeploymentPostprocessing = 0;
		};
/* End PBXFrameworksBuildPhase section */

/* Begin PBXGroup section */
		F48048B519401AC70029EACE /* Competitors */ = {
			isa = PBXGroup;
			children = (
				F48048B8194025530029EACE /* Sample */,
				F48048B619401AD30029EACE /* Logo */,
			);
			name = Competitors;
			sourceTree = "<group>";
		};
		F48048B619401AD30029EACE /* Logo */ = {
			isa = PBXGroup;
			children = (
				F48048B319401ABA0029EACE /* OKI.png */,
				F48048B119401AA90029EACE /* samsung.png */,
				F48048AF19401A8C0029EACE /* Bro.png */,
				F48048AD19401A7A0029EACE /* Canon.png */,
				F48048AB19401A690029EACE /* Kyocera.png */,
				F48048A919401A550029EACE /* KM.png */,
				F48048A719401A3B0029EACE /* Xerox.png */,
				F48048A519401A160029EACE /* ricoh.png */,
				F48048A31940182D0029EACE /* Sharp.png */,
				F480489F19400BAB0029EACE /* HP.png */,
			);
			name = Logo;
			sourceTree = "<group>";
		};
		F48048B7194025390029EACE /* Products */ = {
			isa = PBXGroup;
			children = (
				F48048B9194025660029EACE /* Sample */,
			);
			name = Products;
			sourceTree = "<group>";
		};
		F48048B8194025530029EACE /* Sample */ = {
			isa = PBXGroup;
			children = (
				F48048BD194061B80029EACE /* hpcm4540.png */,
			);
			name = Sample;
			sourceTree = "<group>";
		};
		F48048B9194025660029EACE /* Sample */ = {
			isa = PBXGroup;
			children = (
				F45FD9371941B91500F0CF49 /* C792pic.png */,
				F47666AB192DDBCA0029FA4E /* X792dePIC.png */,
			);
			name = Sample;
			sourceTree = "<group>";
		};
		F4A0F188192C4A3200743CF3 = {
			isa = PBXGroup;
			children = (
				F4A0F1CC192C7DBA00743CF3 /* Images */,
				F4A0F19A192C4A3200743CF3 /* LexColor-native */,
				F4A0F1BC192C4A3200743CF3 /* LexColor-nativeTests */,
				F4A0F193192C4A3200743CF3 /* Frameworks */,
				F4A0F192192C4A3200743CF3 /* Products */,
			);
			sourceTree = "<group>";
		};
		F4A0F192192C4A3200743CF3 /* Products */ = {
			isa = PBXGroup;
			children = (
				F4A0F191192C4A3200743CF3 /* LexColor-native.app */,
				F4A0F1B5192C4A3200743CF3 /* LexColor-nativeTests.xctest */,
			);
			name = Products;
			sourceTree = "<group>";
		};
		F4A0F193192C4A3200743CF3 /* Frameworks */ = {
			isa = PBXGroup;
			children = (
				F4E56497193C728000C37D8B /* MessageUI.framework */,
				F4A0F194192C4A3200743CF3 /* Foundation.framework */,
				F4A0F196192C4A3200743CF3 /* CoreGraphics.framework */,
				F4A0F198192C4A3200743CF3 /* UIKit.framework */,
				F4A0F1B6192C4A3200743CF3 /* XCTest.framework */,
			);
			name = Frameworks;
			sourceTree = "<group>";
		};
		F4A0F19A192C4A3200743CF3 /* LexColor-native */ = {
			isa = PBXGroup;
			children = (
				F45FD93119419AF200F0CF49 /* NewsViewController.h */,
				F45FD93219419AF200F0CF49 /* NewsViewController.m */,
				F45FD93319419AF200F0CF49 /* SuppliesMatrixViewController.h */,
				F45FD93419419AF200F0CF49 /* SuppliesMatrixViewController.m */,
				F4A0F1A3192C4A3200743CF3 /* AppDelegate.h */,
				F4A0F1A4192C4A3200743CF3 /* AppDelegate.m */,
				F4E56499193C736E00C37D8B /* EmailViewController.h */,
				F4E5649A193C736E00C37D8B /* EmailViewController.m */,
				F4A0F1A6192C4A3200743CF3 /* Main_iPhone.storyboard */,
				F45FD92B194155BF00F0CF49 /* SupportLinkViewController.h */,
				F45FD92C194155BF00F0CF49 /* SupportLinkViewController.m */,
				F45FD9221940914500F0CF49 /* SupportDetailsTableViewCell.h */,
				F45FD9231940914500F0CF49 /* SupportDetailsTableViewCell.m */,
				F45FD9251940918A00F0CF49 /* SupportDetailsTableViewController.h */,
				F45FD9261940918A00F0CF49 /* SupportDetailsTableViewController.m */,
				F45FD9281940A68300F0CF49 /* SupportItem.h */,
				F45FD9291940A68300F0CF49 /* SupportItem.m */,
				F48048C2194075610029EACE /* SupportTableViewCell.h */,
				F48048C3194075610029EACE /* SupportTableViewCell.m */,
				F48048BF1940753B0029EACE /* SupportTableViewController.h */,
				F48048C01940753B0029EACE /* SupportTableViewController.m */,
				F48048BA194051EE0029EACE /* CompetitorDetailsViewController.h */,
				F48048BB194051EE0029EACE /* CompetitorDetailsViewController.m */,
				F4804899193FF93F0029EACE /* CompetitorsTableViewController.h */,
				F480489A193FF93F0029EACE /* CompetitorsTableViewController.m */,
				F480489C193FF9820029EACE /* CompetitorTableViewCell.h */,
				F480489D193FF9820029EACE /* CompetitorTableViewCell.m */,
				F4D91D79192F06FE00DDE597 /* ProductSpecsViewController.h */,
				F4D6BC52193323E5006F73B3 /* Data.h */,
				F4992B6E19343C0200EA4B44 /* Constants.h */,
				F4992B6F19343C0200EA4B44 /* Constants.m */,
				F4D6BC53193323E5006F73B3 /* Data.m */,
				F4D91D7A192F06FE00DDE597 /* ProductSpecsViewController.m */,
				F4E5648919382B4F00C37D8B /* TaaInformationViewController.h */,
				F4E5648A19382B4F00C37D8B /* TaaInformationViewController.m */,
				F47666AD192DE7EF0029FA4E /* ProductDetailsViewController.h */,
				F47666AE192DE7EF0029FA4E /* ProductDetailsViewController.m */,
				F45FD9391941C09C00F0CF49 /* ProductMatrixViewController.h */,
				F45FD93A1941C09C00F0CF49 /* ProductMatrixViewController.m */,
				F4992B8319377CA600EA4B44 /* MachineOptionsViewController.h */,
				F4992B8419377CA600EA4B44 /* MachineOptionsViewController.m */,
				F4A0F1DA192CA00600743CF3 /* ProductCell.h */,
				F4A0F1DB192CA00600743CF3 /* ProductCell.m */,
				F4A0F1D1192C802700743CF3 /* ProductsViewController.h */,
				F4A0F1D2192C802700743CF3 /* ProductsViewController.m */,
				F4A0F1D7192C814A00743CF3 /* Product.h */,
				F47666A5192DD74E0029FA4E /* ProductDetails.h */,
				F47666A6192DD74E0029FA4E /* ProductDetails.m */,
				F4A0F1D8192C814A00743CF3 /* Product.m */,
				F47666B0192DF13A0029FA4E /* Utils.h */,
				F47666B1192DF13A0029FA4E /* Utils.m */,
				F4992B7A1934852B00EA4B44 /* CustomRow.h */,
				F4992B7B1934852B00EA4B44 /* CustomRow.m */,
				F4992B7419345AA300EA4B44 /* RowContainer.h */,
				F4992B7519345AA400EA4B44 /* RowContainer.m */,
				F4992B7119343D4E00EA4B44 /* DataFactory.h */,
				F4992B7219343D4E00EA4B44 /* DataFactory.m */,
				F4A0F1A9192C4A3200743CF3 /* Main_iPad.storyboard */,
				F4A0F1AC192C4A3200743CF3 /* ViewController.h */,
				F4A0F1AD192C4A3200743CF3 /* ViewController.m */,
				F4A0F1AF192C4A3200743CF3 /* Images.xcassets */,
				F4A0F19B192C4A3200743CF3 /* Supporting Files */,
			);
			path = "LexColor-native";
			sourceTree = "<group>";
		};
		F4A0F19B192C4A3200743CF3 /* Supporting Files */ = {
			isa = PBXGroup;
			children = (
				F4A0F19C192C4A3200743CF3 /* LexColor-native-Info.plist */,
				F4A0F19D192C4A3200743CF3 /* InfoPlist.strings */,
				F4A0F1A0192C4A3200743CF3 /* main.m */,
				F4A0F1A2192C4A3200743CF3 /* LexColor-native-Prefix.pch */,
			);
			name = "Supporting Files";
			sourceTree = "<group>";
		};
		F4A0F1BC192C4A3200743CF3 /* LexColor-nativeTests */ = {
			isa = PBXGroup;
			children = (
				F4A0F1C2192C4A3200743CF3 /* LexColor_nativeTests.m */,
				F4A0F1BD192C4A3200743CF3 /* Supporting Files */,
			);
			path = "LexColor-nativeTests";
			sourceTree = "<group>";
		};
		F4A0F1BD192C4A3200743CF3 /* Supporting Files */ = {
			isa = PBXGroup;
			children = (
				F4A0F1BE192C4A3200743CF3 /* LexColor-nativeTests-Info.plist */,
				F4A0F1BF192C4A3200743CF3 /* InfoPlist.strings */,
			);
			name = "Supporting Files";
			sourceTree = "<group>";
		};
		F4A0F1CC192C7DBA00743CF3 /* Images */ = {
			isa = PBXGroup;
			children = (
				F45FD92019407E0700F0CF49 /* Links.png */,
				F45FD91E19407DF100F0CF49 /* Video.png */,
				F48048B7194025390029EACE /* Products */,
				F48048B519401AC70029EACE /* Competitors */,
				F4D91D7C192F3D0100DDE597 /* headerbackground.png */,
				F4A0F1CD192C7DBA00743CF3 /* Tab2.png */,
				F4A0F1CE192C7DBA00743CF3 /* Tab3.png */,
			);
			path = Images;
			sourceTree = "<group>";
		};
/* End PBXGroup section */

/* Begin PBXNativeTarget section */
		F4A0F190192C4A3200743CF3 /* LexColor-native */ = {
			isa = PBXNativeTarget;
			buildConfigurationList = F4A0F1C6192C4A3200743CF3 /* Build configuration list for PBXNativeTarget "LexColor-native" */;
			buildPhases = (
				F4A0F18D192C4A3200743CF3 /* Sources */,
				F4A0F18E192C4A3200743CF3 /* Frameworks */,
				F4A0F18F192C4A3200743CF3 /* Resources */,
			);
			buildRules = (
			);
			dependencies = (
			);
			name = "LexColor-native";
			productName = "LexColor-native";
			productReference = F4A0F191192C4A3200743CF3 /* LexColor-native.app */;
			productType = "com.apple.product-type.application";
		};
		F4A0F1B4192C4A3200743CF3 /* LexColor-nativeTests */ = {
			isa = PBXNativeTarget;
			buildConfigurationList = F4A0F1C9192C4A3200743CF3 /* Build configuration list for PBXNativeTarget "LexColor-nativeTests" */;
			buildPhases = (
				F4A0F1B1192C4A3200743CF3 /* Sources */,
				F4A0F1B2192C4A3200743CF3 /* Frameworks */,
				F4A0F1B3192C4A3200743CF3 /* Resources */,
			);
			buildRules = (
			);
			dependencies = (
				F4A0F1BB192C4A3200743CF3 /* PBXTargetDependency */,
			);
			name = "LexColor-nativeTests";
			productName = "LexColor-nativeTests";
			productReference = F4A0F1B5192C4A3200743CF3 /* LexColor-nativeTests.xctest */;
			productType = "com.apple.product-type.bundle.unit-test";
		};
/* End PBXNativeTarget section */

/* Begin PBXProject section */
		F4A0F189192C4A3200743CF3 /* Project object */ = {
			isa = PBXProject;
			attributes = {
				LastUpgradeCheck = 0510;
				ORGANIZATIONNAME = Ace;
				TargetAttributes = {
					F4A0F1B4192C4A3200743CF3 = {
						TestTargetID = F4A0F190192C4A3200743CF3;
					};
				};
			};
			buildConfigurationList = F4A0F18C192C4A3200743CF3 /* Build configuration list for PBXProject "LexColor-native" */;
			compatibilityVersion = "Xcode 3.2";
			developmentRegion = English;
			hasScannedForEncodings = 0;
			knownRegions = (
				en,
				Base,
			);
			mainGroup = F4A0F188192C4A3200743CF3;
			productRefGroup = F4A0F192192C4A3200743CF3 /* Products */;
			projectDirPath = "";
			projectRoot = "";
			targets = (
				F4A0F190192C4A3200743CF3 /* LexColor-native */,
				F4A0F1B4192C4A3200743CF3 /* LexColor-nativeTests */,
			);
		};
/* End PBXProject section */

/* Begin PBXResourcesBuildPhase section */
		F4A0F18F192C4A3200743CF3 /* Resources */ = {
			isa = PBXResourcesBuildPhase;
			buildActionMask = 2147483647;
			files = (
				F4D91D7D192F3D0100DDE597 /* headerbackground.png in Resources */,
				F4A0F1AB192C4A3200743CF3 /* Main_iPad.storyboard in Resources */,
				F48048B419401ABA0029EACE /* OKI.png in Resources */,
				F48048A41940182D0029EACE /* Sharp.png in Resources */,
				F4A0F1B0192C4A3200743CF3 /* Images.xcassets in Resources */,
				F48048BE194061B80029EACE /* hpcm4540.png in Resources */,
				F48048B219401AA90029EACE /* samsung.png in Resources */,
				F4A0F1CF192C7DBA00743CF3 /* Tab2.png in Resources */,
				F48048AC19401A690029EACE /* Kyocera.png in Resources */,
				F45FD92119407E0700F0CF49 /* Links.png in Resources */,
				F4A0F1D0192C7DBA00743CF3 /* Tab3.png in Resources */,
				F48048B019401A8C0029EACE /* Bro.png in Resources */,
				F48048A019400BAB0029EACE /* HP.png in Resources */,
				F48048AA19401A550029EACE /* KM.png in Resources */,
				F4A0F1A8192C4A3200743CF3 /* Main_iPhone.storyboard in Resources */,
				F45FD9381941B91500F0CF49 /* C792pic.png in Resources */,
				F48048A819401A3B0029EACE /* Xerox.png in Resources */,
				F45FD91F19407DF100F0CF49 /* Video.png in Resources */,
				F48048AE19401A7A0029EACE /* Canon.png in Resources */,
				F47666AC192DDBCA0029FA4E /* X792dePIC.png in Resources */,
				F48048A619401A160029EACE /* ricoh.png in Resources */,
				F4A0F19F192C4A3200743CF3 /* InfoPlist.strings in Resources */,
			);
			runOnlyForDeploymentPostprocessing = 0;
		};
		F4A0F1B3192C4A3200743CF3 /* Resources */ = {
			isa = PBXResourcesBuildPhase;
			buildActionMask = 2147483647;
			files = (
				F4A0F1C1192C4A3200743CF3 /* InfoPlist.strings in Resources */,
			);
			runOnlyForDeploymentPostprocessing = 0;
		};
/* End PBXResourcesBuildPhase section */

/* Begin PBXSourcesBuildPhase section */
		F4A0F18D192C4A3200743CF3 /* Sources */ = {
			isa = PBXSourcesBuildPhase;
			buildActionMask = 2147483647;
			files = (
				F4E5648B19382B4F00C37D8B /* TaaInformationViewController.m in Sources */,
				F47666B2192DF13A0029FA4E /* Utils.m in Sources */,
				F480489B193FF93F0029EACE /* CompetitorsTableViewController.m in Sources */,
				F45FD9241940914500F0CF49 /* SupportDetailsTableViewCell.m in Sources */,
				F4A0F1AE192C4A3200743CF3 /* ViewController.m in Sources */,
				F45FD92A1940A68300F0CF49 /* SupportItem.m in Sources */,
				F4A0F1A5192C4A3200743CF3 /* AppDelegate.m in Sources */,
				F48048C4194075610029EACE /* SupportTableViewCell.m in Sources */,
				F48048C11940753B0029EACE /* SupportTableViewController.m in Sources */,
				F4992B7019343C0200EA4B44 /* Constants.m in Sources */,
				F4D6BC54193323E5006F73B3 /* Data.m in Sources */,
				F4992B7C1934852B00EA4B44 /* CustomRow.m in Sources */,
				F4992B7619345AA400EA4B44 /* RowContainer.m in Sources */,
				F47666A7192DD74E0029FA4E /* ProductDetails.m in Sources */,
				F4A0F1D9192C814A00743CF3 /* Product.m in Sources */,
				F45FD93B1941C09C00F0CF49 /* ProductMatrixViewController.m in Sources */,
				F45FD9271940918A00F0CF49 /* SupportDetailsTableViewController.m in Sources */,
				F4992B7319343D4E00EA4B44 /* DataFactory.m in Sources */,
				F4A0F1D3192C802700743CF3 /* ProductsViewController.m in Sources */,
				F45FD93619419AF200F0CF49 /* SuppliesMatrixViewController.m in Sources */,
				F45FD92D194155BF00F0CF49 /* SupportLinkViewController.m in Sources */,
				F480489E193FF9820029EACE /* CompetitorTableViewCell.m in Sources */,
				F4E5649B193C736E00C37D8B /* EmailViewController.m in Sources */,
				F47666AF192DE7EF0029FA4E /* ProductDetailsViewController.m in Sources */,
				F4A0F1DC192CA00600743CF3 /* ProductCell.m in Sources */,
				F4A0F1A1192C4A3200743CF3 /* main.m in Sources */,
				F4992B8519377CA600EA4B44 /* MachineOptionsViewController.m in Sources */,
				F48048BC194051EE0029EACE /* CompetitorDetailsViewController.m in Sources */,
				F4D91D7B192F06FE00DDE597 /* ProductSpecsViewController.m in Sources */,
				F45FD93519419AF200F0CF49 /* NewsViewController.m in Sources */,
			);
			runOnlyForDeploymentPostprocessing = 0;
		};
		F4A0F1B1192C4A3200743CF3 /* Sources */ = {
			isa = PBXSourcesBuildPhase;
			buildActionMask = 2147483647;
			files = (
				F4A0F1C3192C4A3200743CF3 /* LexColor_nativeTests.m in Sources */,
			);
			runOnlyForDeploymentPostprocessing = 0;
		};
/* End PBXSourcesBuildPhase section */

/* Begin PBXTargetDependency section */
		F4A0F1BB192C4A3200743CF3 /* PBXTargetDependency */ = {
			isa = PBXTargetDependency;
			target = F4A0F190192C4A3200743CF3 /* LexColor-native */;
			targetProxy = F4A0F1BA192C4A3200743CF3 /* PBXContainerItemProxy */;
		};
/* End PBXTargetDependency section */

/* Begin PBXVariantGroup section */
		F4A0F19D192C4A3200743CF3 /* InfoPlist.strings */ = {
			isa = PBXVariantGroup;
			children = (
				F4A0F19E192C4A3200743CF3 /* en */,
			);
			name = InfoPlist.strings;
			sourceTree = "<group>";
		};
		F4A0F1A6192C4A3200743CF3 /* Main_iPhone.storyboard */ = {
			isa = PBXVariantGroup;
			children = (
				F4A0F1A7192C4A3200743CF3 /* Base */,
			);
			name = Main_iPhone.storyboard;
			sourceTree = "<group>";
		};
		F4A0F1A9192C4A3200743CF3 /* Main_iPad.storyboard */ = {
			isa = PBXVariantGroup;
			children = (
				F4A0F1AA192C4A3200743CF3 /* Base */,
			);
			name = Main_iPad.storyboard;
			sourceTree = "<group>";
		};
		F4A0F1BF192C4A3200743CF3 /* InfoPlist.strings */ = {
			isa = PBXVariantGroup;
			children = (
				F4A0F1C0192C4A3200743CF3 /* en */,
			);
			name = InfoPlist.strings;
			sourceTree = "<group>";
		};
/* End PBXVariantGroup section */

/* Begin XCBuildConfiguration section */
		F4A0F1C4192C4A3200743CF3 /* Debug */ = {
			isa = XCBuildConfiguration;
			buildSettings = {
				ALWAYS_SEARCH_USER_PATHS = NO;
				CLANG_CXX_LANGUAGE_STANDARD = "gnu++0x";
				CLANG_CXX_LIBRARY = "libc++";
				CLANG_ENABLE_MODULES = YES;
				CLANG_ENABLE_OBJC_ARC = YES;
				CLANG_WARN_BOOL_CONVERSION = YES;
				CLANG_WARN_CONSTANT_CONVERSION = YES;
				CLANG_WARN_DIRECT_OBJC_ISA_USAGE = YES_ERROR;
				CLANG_WARN_EMPTY_BODY = YES;
				CLANG_WARN_ENUM_CONVERSION = YES;
				CLANG_WARN_INT_CONVERSION = YES;
				CLANG_WARN_OBJC_ROOT_CLASS = YES_ERROR;
				CLANG_WARN__DUPLICATE_METHOD_MATCH = YES;
				"CODE_SIGN_IDENTITY[sdk=iphoneos*]" = "iPhone Developer";
				COPY_PHASE_STRIP = NO;
				GCC_C_LANGUAGE_STANDARD = gnu99;
				GCC_DYNAMIC_NO_PIC = NO;
				GCC_OPTIMIZATION_LEVEL = 0;
				GCC_PREPROCESSOR_DEFINITIONS = (
					"DEBUG=1",
					"$(inherited)",
				);
				GCC_SYMBOLS_PRIVATE_EXTERN = NO;
				GCC_WARN_64_TO_32_BIT_CONVERSION = YES;
				GCC_WARN_ABOUT_RETURN_TYPE = YES_ERROR;
				GCC_WARN_UNDECLARED_SELECTOR = YES;
				GCC_WARN_UNINITIALIZED_AUTOS = YES_AGGRESSIVE;
				GCC_WARN_UNUSED_FUNCTION = YES;
				GCC_WARN_UNUSED_VARIABLE = YES;
				IPHONEOS_DEPLOYMENT_TARGET = 7.1;
				ONLY_ACTIVE_ARCH = YES;
				SDKROOT = iphoneos;
				TARGETED_DEVICE_FAMILY = "1,2";
			};
			name = Debug;
		};
		F4A0F1C5192C4A3200743CF3 /* Release */ = {
			isa = XCBuildConfiguration;
			buildSettings = {
				ALWAYS_SEARCH_USER_PATHS = NO;
				CLANG_CXX_LANGUAGE_STANDARD = "gnu++0x";
				CLANG_CXX_LIBRARY = "libc++";
				CLANG_ENABLE_MODULES = YES;
				CLANG_ENABLE_OBJC_ARC = YES;
				CLANG_WARN_BOOL_CONVERSION = YES;
				CLANG_WARN_CONSTANT_CONVERSION = YES;
				CLANG_WARN_DIRECT_OBJC_ISA_USAGE = YES_ERROR;
				CLANG_WARN_EMPTY_BODY = YES;
				CLANG_WARN_ENUM_CONVERSION = YES;
				CLANG_WARN_INT_CONVERSION = YES;
				CLANG_WARN_OBJC_ROOT_CLASS = YES_ERROR;
				CLANG_WARN__DUPLICATE_METHOD_MATCH = YES;
				"CODE_SIGN_IDENTITY[sdk=iphoneos*]" = "iPhone Developer";
				COPY_PHASE_STRIP = YES;
				ENABLE_NS_ASSERTIONS = NO;
				GCC_C_LANGUAGE_STANDARD = gnu99;
				GCC_WARN_64_TO_32_BIT_CONVERSION = YES;
				GCC_WARN_ABOUT_RETURN_TYPE = YES_ERROR;
				GCC_WARN_UNDECLARED_SELECTOR = YES;
				GCC_WARN_UNINITIALIZED_AUTOS = YES_AGGRESSIVE;
				GCC_WARN_UNUSED_FUNCTION = YES;
				GCC_WARN_UNUSED_VARIABLE = YES;
				IPHONEOS_DEPLOYMENT_TARGET = 7.1;
				SDKROOT = iphoneos;
				TARGETED_DEVICE_FAMILY = "1,2";
				VALIDATE_PRODUCT = YES;
			};
			name = Release;
		};
		F4A0F1C7192C4A3200743CF3 /* Debug */ = {
			isa = XCBuildConfiguration;
			buildSettings = {
				ASSETCATALOG_COMPILER_APPICON_NAME = AppIcon;
				ASSETCATALOG_COMPILER_LAUNCHIMAGE_NAME = LaunchImage;
				CLANG_ENABLE_OBJC_ARC = NO;
				GCC_PRECOMPILE_PREFIX_HEADER = YES;
				GCC_PREFIX_HEADER = "LexColor-native/LexColor-native-Prefix.pch";
				INFOPLIST_FILE = "LexColor-native/LexColor-native-Info.plist";
				PRODUCT_NAME = "$(TARGET_NAME)";
				WRAPPER_EXTENSION = app;
			};
			name = Debug;
		};
		F4A0F1C8192C4A3200743CF3 /* Release */ = {
			isa = XCBuildConfiguration;
			buildSettings = {
				ASSETCATALOG_COMPILER_APPICON_NAME = AppIcon;
				ASSETCATALOG_COMPILER_LAUNCHIMAGE_NAME = LaunchImage;
				CLANG_ENABLE_OBJC_ARC = NO;
				GCC_PRECOMPILE_PREFIX_HEADER = YES;
				GCC_PREFIX_HEADER = "LexColor-native/LexColor-native-Prefix.pch";
				INFOPLIST_FILE = "LexColor-native/LexColor-native-Info.plist";
				PRODUCT_NAME = "$(TARGET_NAME)";
				WRAPPER_EXTENSION = app;
			};
			name = Release;
		};
		F4A0F1CA192C4A3200743CF3 /* Debug */ = {
			isa = XCBuildConfiguration;
			buildSettings = {
				BUNDLE_LOADER = "$(BUILT_PRODUCTS_DIR)/LexColor-native.app/LexColor-native";
				FRAMEWORK_SEARCH_PATHS = (
					"$(SDKROOT)/Developer/Library/Frameworks",
					"$(inherited)",
					"$(DEVELOPER_FRAMEWORKS_DIR)",
				);
				GCC_PRECOMPILE_PREFIX_HEADER = YES;
				GCC_PREFIX_HEADER = "LexColor-native/LexColor-native-Prefix.pch";
				GCC_PREPROCESSOR_DEFINITIONS = (
					"DEBUG=1",
					"$(inherited)",
				);
				INFOPLIST_FILE = "LexColor-nativeTests/LexColor-nativeTests-Info.plist";
				PRODUCT_NAME = "$(TARGET_NAME)";
				TEST_HOST = "$(BUNDLE_LOADER)";
				WRAPPER_EXTENSION = xctest;
			};
			name = Debug;
		};
		F4A0F1CB192C4A3200743CF3 /* Release */ = {
			isa = XCBuildConfiguration;
			buildSettings = {
				BUNDLE_LOADER = "$(BUILT_PRODUCTS_DIR)/LexColor-native.app/LexColor-native";
				FRAMEWORK_SEARCH_PATHS = (
					"$(SDKROOT)/Developer/Library/Frameworks",
					"$(inherited)",
					"$(DEVELOPER_FRAMEWORKS_DIR)",
				);
				GCC_PRECOMPILE_PREFIX_HEADER = YES;
				GCC_PREFIX_HEADER = "LexColor-native/LexColor-native-Prefix.pch";
				INFOPLIST_FILE = "LexColor-nativeTests/LexColor-nativeTests-Info.plist";
				PRODUCT_NAME = "$(TARGET_NAME)";
				TEST_HOST = "$(BUNDLE_LOADER)";
				WRAPPER_EXTENSION = xctest;
			};
			name = Release;
		};
/* End XCBuildConfiguration section */

/* Begin XCConfigurationList section */
		F4A0F18C192C4A3200743CF3 /* Build configuration list for PBXProject "LexColor-native" */ = {
			isa = XCConfigurationList;
			buildConfigurations = (
				F4A0F1C4192C4A3200743CF3 /* Debug */,
				F4A0F1C5192C4A3200743CF3 /* Release */,
			);
			defaultConfigurationIsVisible = 0;
			defaultConfigurationName = Release;
		};
		F4A0F1C6192C4A3200743CF3 /* Build configuration list for PBXNativeTarget "LexColor-native" */ = {
			isa = XCConfigurationList;
			buildConfigurations = (
				F4A0F1C7192C4A3200743CF3 /* Debug */,
				F4A0F1C8192C4A3200743CF3 /* Release */,
			);
			defaultConfigurationIsVisible = 0;
			defaultConfigurationName = Release;
		};
		F4A0F1C9192C4A3200743CF3 /* Build configuration list for PBXNativeTarget "LexColor-nativeTests" */ = {
			isa = XCConfigurationList;
			buildConfigurations = (
				F4A0F1CA192C4A3200743CF3 /* Debug */,
				F4A0F1CB192C4A3200743CF3 /* Release */,
			);
			defaultConfigurationIsVisible = 0;
			defaultConfigurationName = Release;
		};
/* End XCConfigurationList section */
	};
	rootObject = F4A0F189192C4A3200743CF3 /* Project object */;
}
